{
  "version": 4,
  "terraform_version": "1.7.5",
  "serial": 91,
  "lineage": "1f3f6429-55ce-a150-a63f-751bfde982f7",
  "outputs": {
    "execution_role_arn": {
      "value": "arn:aws:iam::265890761777:role/sagemaker_execution_role",
      "type": "string"
    }
  },
  "resources": [
    {
      "mode": "managed",
      "type": "aws_sagemaker_endpoint",
      "name": "sagemaker_endpoint",
      "provider": "provider[\"registry.terraform.io/hashicorp/aws\"]",
      "instances": [
        {
          "schema_version": 0,
          "attributes": {
            "arn": "arn:aws:sagemaker:eu-central-1:265890761777:endpoint/layoutlm-invoice-v1",
            "deployment_config": [],
            "endpoint_config_name": "layoutlm-invoice-v1",
            "id": "layoutlm-invoice-v1",
            "name": "layoutlm-invoice-v1",
            "tags": {
              "Name": "terraform"
            },
            "tags_all": {
              "Name": "terraform"
            }
          },
          "sensitive_attributes": [],
          "private": "bnVsbA==",
          "dependencies": [
            "aws_sagemaker_endpoint_configuration.sagemaker_endpoint_configuration",
            "aws_sagemaker_model.sagemaker_model"
          ]
        }
      ]
    },
    {
      "mode": "managed",
      "type": "aws_sagemaker_endpoint_configuration",
      "name": "sagemaker_endpoint_configuration",
      "provider": "provider[\"registry.terraform.io/hashicorp/aws\"]",
      "instances": [
        {
          "schema_version": 0,
          "attributes": {
            "arn": "arn:aws:sagemaker:eu-central-1:265890761777:endpoint-config/layoutlm-invoice-v1",
            "async_inference_config": [],
            "data_capture_config": [],
            "id": "layoutlm-invoice-v1",
            "kms_key_arn": "",
            "name": "layoutlm-invoice-v1",
            "name_prefix": "",
            "production_variants": [
              {
                "accelerator_type": "",
                "container_startup_health_check_timeout_in_seconds": 300,
                "core_dump_config": [],
                "enable_ssm_access": false,
                "initial_instance_count": 1,
                "initial_variant_weight": 1,
                "instance_type": "ml.c5.xlarge",
                "model_data_download_timeout_in_seconds": 0,
                "model_name": "layoutlm-invoice-v1",
                "routing_config": [],
                "serverless_config": [],
                "variant_name": "AllTraffic",
                "volume_size_in_gb": 0
              }
            ],
            "shadow_production_variants": [],
            "tags": {
              "Name": "terraform"
            },
            "tags_all": {
              "Name": "terraform"
            }
          },
          "sensitive_attributes": [],
          "private": "bnVsbA==",
          "dependencies": [
            "aws_sagemaker_model.sagemaker_model"
          ]
        }
      ]
    },
    {
      "mode": "managed",
      "type": "aws_sagemaker_model",
      "name": "sagemaker_model",
      "provider": "provider[\"registry.terraform.io/hashicorp/aws\"]",
      "instances": [
        {
          "schema_version": 0,
          "attributes": {
            "arn": "arn:aws:sagemaker:eu-central-1:265890761777:model/layoutlm-invoice-v1",
            "container": [],
            "enable_network_isolation": false,
            "execution_role_arn": "arn:aws:iam::265890761777:role/sagemaker_execution_role",
            "id": "layoutlm-invoice-v1",
            "inference_execution_config": [],
            "name": "layoutlm-invoice-v1",
            "primary_container": [
              {
                "container_hostname": "",
                "environment": null,
                "image": "763104351884.dkr.ecr.eu-central-1.amazonaws.com/huggingface-pytorch-inference:1.13.1-transformers4.26.0-cpu-py39-ubuntu20.04",
                "image_config": [],
                "mode": "SingleModel",
                "model_data_source": [
                  {
                    "s3_data_source": [
                      {
                        "compression_type": "Gzip",
                        "s3_data_type": "S3Object",
                        "s3_uri": "s3://invoice-reader-project/training-jobs/layoutLMTraining-2024-03-04-09-40-39-507/output/model.tar.gz"
                      }
                    ]
                  }
                ],
                "model_data_url": "s3://invoice-reader-project/training-jobs/layoutLMTraining-2024-03-04-09-40-39-507/output/model.tar.gz",
                "model_package_name": ""
              }
            ],
            "tags": {
              "Name": "sagemaker-model-terraform"
            },
            "tags_all": {
              "Name": "sagemaker-model-terraform"
            },
            "vpc_config": []
          },
          "sensitive_attributes": [],
          "private": "bnVsbA=="
        }
      ]
    }
  ],
  "check_results": null
}
