{
  "version": 4,
  "terraform_version": "1.7.5",
  "serial": 6,
  "lineage": "ee2654d7-7719-5b74-da35-7c3e57480079",
  "outputs": {},
  "resources": [
    {
      "mode": "data",
      "type": "archive_file",
      "name": "lambda",
      "provider": "provider[\"registry.terraform.io/hashicorp/archive\"]",
      "instances": [
        {
          "schema_version": 0,
          "attributes": {
            "exclude_symlink_directories": null,
            "excludes": null,
            "id": "1bf2a5184dad033359cac9b7e286ebf25b956939",
            "output_base64sha256": "GYerwHUcbDTBYIL56izfJj2WKQto9YwzY7G5Q58qFQw=",
            "output_base64sha512": "88/RN03HFo6w6akAptBwrv8UKEBfvsWakvgc0BHMGY//ZAME7DbEW83+/k/eyZdNMC1c4F1wqaZvd+NQlmQVIQ==",
            "output_file_mode": null,
            "output_md5": "3e60e9e34b97aaaa2c1fb4be256ab5be",
            "output_path": "./../lambda_functions/zip/invoke_endpoint.zip",
            "output_sha": "1bf2a5184dad033359cac9b7e286ebf25b956939",
            "output_sha256": "1987abc0751c6c34c16082f9ea2cdf263d96290b68f58c3363b1b9439f2a150c",
            "output_sha512": "f3cfd1374dc7168eb0e9a900a6d070aeff1428405fbec59a92f81cd011cc198fff640304ec36c45bcdfefe4fdec9974d302d5ce05d70a9a66f77e35096641521",
            "output_size": 649,
            "source": [],
            "source_content": null,
            "source_content_filename": null,
            "source_dir": null,
            "source_file": "./../lambda_functions/invoke_endpoint.py",
            "type": "zip"
          },
          "sensitive_attributes": []
        }
      ]
    },
    {
      "mode": "managed",
      "type": "aws_iam_policy",
      "name": "lambda_sagemaker_policy",
      "provider": "provider[\"registry.terraform.io/hashicorp/aws\"]",
      "instances": [
        {
          "schema_version": 0,
          "attributes": {
            "arn": "arn:aws:iam::265890761777:policy/lambda-sagemaker-policy",
            "description": "Policy for Lambda to invoke SageMaker endpoint",
            "id": "arn:aws:iam::265890761777:policy/lambda-sagemaker-policy",
            "name": "lambda-sagemaker-policy",
            "name_prefix": "",
            "path": "/",
            "policy": "{\"Statement\":[{\"Action\":\"sagemaker:InvokeEndpoint\",\"Effect\":\"Allow\",\"Resource\":\"*\"}],\"Version\":\"2012-10-17\"}",
            "policy_id": "ANPAT32CTBQY5UXYJFLPD",
            "tags": null,
            "tags_all": {}
          },
          "sensitive_attributes": [],
          "private": "bnVsbA=="
        }
      ]
    },
    {
      "mode": "managed",
      "type": "aws_iam_role",
      "name": "lambda_role",
      "provider": "provider[\"registry.terraform.io/hashicorp/aws\"]",
      "instances": [
        {
          "schema_version": 0,
          "attributes": {
            "arn": "arn:aws:iam::265890761777:role/lambda-sagemaker-role",
            "assume_role_policy": "{\"Statement\":[{\"Action\":\"sts:AssumeRole\",\"Effect\":\"Allow\",\"Principal\":{\"Service\":\"lambda.amazonaws.com\"}}],\"Version\":\"2012-10-17\"}",
            "create_date": "2024-03-19T18:32:22Z",
            "description": "",
            "force_detach_policies": false,
            "id": "lambda-sagemaker-role",
            "inline_policy": [],
            "managed_policy_arns": [],
            "max_session_duration": 3600,
            "name": "lambda-sagemaker-role",
            "name_prefix": "",
            "path": "/",
            "permissions_boundary": "",
            "tags": null,
            "tags_all": {},
            "unique_id": "AROAT32CTBQYZROLGGSLS"
          },
          "sensitive_attributes": [],
          "private": "bnVsbA=="
        }
      ]
    },
    {
      "mode": "managed",
      "type": "aws_iam_role_policy_attachment",
      "name": "attach_iam_policy_to_iam_role",
      "provider": "provider[\"registry.terraform.io/hashicorp/aws\"]",
      "instances": [
        {
          "schema_version": 0,
          "attributes": {
            "id": "lambda-sagemaker-role-20240319183223755500000001",
            "policy_arn": "arn:aws:iam::265890761777:policy/lambda-sagemaker-policy",
            "role": "lambda-sagemaker-role"
          },
          "sensitive_attributes": [],
          "private": "bnVsbA==",
          "dependencies": [
            "aws_iam_policy.lambda_sagemaker_policy",
            "aws_iam_role.lambda_role"
          ]
        }
      ]
    },
    {
      "mode": "managed",
      "type": "aws_lambda_function",
      "name": "terraform_lambda_func",
      "provider": "provider[\"registry.terraform.io/hashicorp/aws\"]",
      "instances": [
        {
          "schema_version": 0,
          "attributes": {
            "architectures": [
              "x86_64"
            ],
            "arn": "arn:aws:lambda:eu-central-1:265890761777:function:InvokeInvoiceReader",
            "code_signing_config_arn": "",
            "dead_letter_config": [],
            "description": "",
            "environment": [
              {
                "variables": {
                  "SAGEMAKER_ENDPOINT_NAME": "layoutlm-invoice-v1"
                }
              }
            ],
            "ephemeral_storage": [
              {
                "size": 512
              }
            ],
            "file_system_config": [],
            "filename": "./../lambda_functions/zip/invoke_endpoint.zip",
            "function_name": "InvokeInvoiceReader",
            "handler": "invoke_endpoint.lambda_handler",
            "id": "InvokeInvoiceReader",
            "image_config": [],
            "image_uri": "",
            "invoke_arn": "arn:aws:apigateway:eu-central-1:lambda:path/2015-03-31/functions/arn:aws:lambda:eu-central-1:265890761777:function:InvokeInvoiceReader/invocations",
            "kms_key_arn": "",
            "last_modified": "2024-03-19T18:32:32.075+0000",
            "layers": null,
            "logging_config": [
              {
                "application_log_level": "",
                "log_format": "Text",
                "log_group": "/aws/lambda/InvokeInvoiceReader",
                "system_log_level": ""
              }
            ],
            "memory_size": 128,
            "package_type": "Zip",
            "publish": false,
            "qualified_arn": "arn:aws:lambda:eu-central-1:265890761777:function:InvokeInvoiceReader:$LATEST",
            "qualified_invoke_arn": "arn:aws:apigateway:eu-central-1:lambda:path/2015-03-31/functions/arn:aws:lambda:eu-central-1:265890761777:function:InvokeInvoiceReader:$LATEST/invocations",
            "replace_security_groups_on_destroy": null,
            "replacement_security_group_ids": null,
            "reserved_concurrent_executions": -1,
            "role": "arn:aws:iam::265890761777:role/lambda-sagemaker-role",
            "runtime": "python3.9",
            "s3_bucket": null,
            "s3_key": null,
            "s3_object_version": null,
            "signing_job_arn": "",
            "signing_profile_version_arn": "",
            "skip_destroy": false,
            "snap_start": [],
            "source_code_hash": "GYerwHUcbDTBYIL56izfJj2WKQto9YwzY7G5Q58qFQw=",
            "source_code_size": 649,
            "tags": null,
            "tags_all": {},
            "timeout": 30,
            "timeouts": null,
            "tracing_config": [
              {
                "mode": "PassThrough"
              }
            ],
            "version": "$LATEST",
            "vpc_config": []
          },
          "sensitive_attributes": [],
          "private": "eyJlMmJmYjczMC1lY2FhLTExZTYtOGY4OC0zNDM2M2JjN2M0YzAiOnsiY3JlYXRlIjo2MDAwMDAwMDAwMDAsImRlbGV0ZSI6NjAwMDAwMDAwMDAwLCJ1cGRhdGUiOjYwMDAwMDAwMDAwMH19",
          "dependencies": [
            "aws_iam_policy.lambda_sagemaker_policy",
            "aws_iam_role.lambda_role",
            "aws_iam_role_policy_attachment.attach_iam_policy_to_iam_role"
          ]
        }
      ]
    }
  ],
  "check_results": null
}
